
Microsoft Visual Studio Solution File, Format Version 12.00
# Visual Studio Version 17
VisualStudioVersion = 17.10.34928.147
MinimumVisualStudioVersion = 10.0.40219.1
Project("{FAE04EC0-301F-11D3-BF4B-00C04F79EFBC}") = "ModelBD", "ModelBD.csproj", "{60EBB814-5D4F-4DD5-95C7-4B7DE49FB97A}"
EndProject
Global
	GlobalSection(SolutionConfigurationPlatforms) = preSolution
		Debug|Any CPU = Debug|Any CPU
		Release|Any CPU = Release|Any CPU
	EndGlobalSection
	GlobalSection(ProjectConfigurationPlatforms) = postSolution
		{60EBB814-5D4F-4DD5-95C7-4B7DE49FB97A}.Debug|Any CPU.ActiveCfg = Debug|Any CPU
		{60EBB814-5D4F-4DD5-95C7-4B7DE49FB97A}.Debug|Any CPU.Build.0 = Debug|Any CPU
		{60EBB814-5D4F-4DD5-95C7-4B7DE49FB97A}.Release|Any CPU.ActiveCfg = Release|Any CPU
		{60EBB814-5D4F-4DD5-95C7-4B7DE49FB97A}.Release|Any CPU.Build.0 = Release|Any CPU
	EndGlobalSection
	GlobalSection(SolutionProperties) = preSolution
		HideSolutionNode = FALSE
	EndGlobalSection
	GlobalSection(ExtensibilityGlobals) = postSolution
		SolutionGuid = {B8FA303C-38CE-49CC-B952-BE13576762D7}
	EndGlobalSection
EndGlobal
